
Microsoft Visual Studio Solution File, Format Version 12.00
Project("{FAE04EC0-301F-11D3-BF4B-00C04F79EFBC}") = "Mela.AuthService.Api", "src\Mela.AuthService.Api\Mela.AuthService.Api.csproj", "{F7E61804-4462-4A61-8997-C2B9D1162EAB}"
EndProject
Global
	GlobalSection(SolutionConfigurationPlatforms) = preSolution
		Debug|Any CPU = Debug|Any CPU
		Release|Any CPU = Release|Any CPU
	EndGlobalSection
	GlobalSection(ProjectConfigurationPlatforms) = postSolution
		{F7E61804-4462-4A61-8997-C2B9D1162EAB}.Debug|Any CPU.ActiveCfg = Debug|Any CPU
		{F7E61804-4462-4A61-8997-C2B9D1162EAB}.Debug|Any CPU.Build.0 = Debug|Any CPU
		{F7E61804-4462-4A61-8997-C2B9D1162EAB}.Release|Any CPU.ActiveCfg = Release|Any CPU
		{F7E61804-4462-4A61-8997-C2B9D1162EAB}.Release|Any CPU.Build.0 = Release|Any CPU
	EndGlobalSection
EndGlobal
